
Microsoft Visual Studio Solution File, Format Version 12.00
# Visual Studio Version 17
VisualStudioVersion = 17.0.32014.148
MinimumVisualStudioVersion = 10.0.40219.1
Project("{FAE04EC0-301F-11D3-BF4B-00C04F79EFBC}") = "DataStructures_SortingAlgorithms", "DataStructures_SortingAlgorithms\DataStructures_SortingAlgorithms.csproj", "{483259BF-716B-4F2C-8DE5-1FBDDEEC7D48}"
EndProject
Global
	GlobalSection(SolutionConfigurationPlatforms) = preSolution
		Debug|Any CPU = Debug|Any CPU
		Release|Any CPU = Release|Any CPU
	EndGlobalSection
	GlobalSection(ProjectConfigurationPlatforms) = postSolution
		{483259BF-716B-4F2C-8DE5-1FBDDEEC7D48}.Debug|Any CPU.ActiveCfg = Debug|Any CPU
		{483259BF-716B-4F2C-8DE5-1FBDDEEC7D48}.Debug|Any CPU.Build.0 = Debug|Any CPU
		{483259BF-716B-4F2C-8DE5-1FBDDEEC7D48}.Release|Any CPU.ActiveCfg = Release|Any CPU
		{483259BF-716B-4F2C-8DE5-1FBDDEEC7D48}.Release|Any CPU.Build.0 = Release|Any CPU
	EndGlobalSection
	GlobalSection(SolutionProperties) = preSolution
		HideSolutionNode = FALSE
	EndGlobalSection
	GlobalSection(ExtensibilityGlobals) = postSolution
		SolutionGuid = {45C28EAF-B5A7-474D-894D-A14DB919B717}
	EndGlobalSection
EndGlobal
