
Microsoft Visual Studio Solution File, Format Version 12.00
# Visual Studio Version 17
VisualStudioVersion = 17.0.32014.148
MinimumVisualStudioVersion = 10.0.40219.1
Project("{FAE04EC0-301F-11D3-BF4B-00C04F79EFBC}") = "DataStructure_DoublyLinkedList", "DataStructure_DoublyLinkedList.csproj", "{7F1DF5CB-24D3-46A7-8471-4EC155A85C6F}"
EndProject
Global
	GlobalSection(SolutionConfigurationPlatforms) = preSolution
		Debug|Any CPU = Debug|Any CPU
		Release|Any CPU = Release|Any CPU
	EndGlobalSection
	GlobalSection(ProjectConfigurationPlatforms) = postSolution
		{7F1DF5CB-24D3-46A7-8471-4EC155A85C6F}.Debug|Any CPU.ActiveCfg = Debug|Any CPU
		{7F1DF5CB-24D3-46A7-8471-4EC155A85C6F}.Debug|Any CPU.Build.0 = Debug|Any CPU
		{7F1DF5CB-24D3-46A7-8471-4EC155A85C6F}.Release|Any CPU.ActiveCfg = Release|Any CPU
		{7F1DF5CB-24D3-46A7-8471-4EC155A85C6F}.Release|Any CPU.Build.0 = Release|Any CPU
	EndGlobalSection
	GlobalSection(SolutionProperties) = preSolution
		HideSolutionNode = FALSE
	EndGlobalSection
	GlobalSection(ExtensibilityGlobals) = postSolution
		SolutionGuid = {79F61FDE-74FA-4C96-AA3D-068B2DFDB633}
	EndGlobalSection
EndGlobal
