
Microsoft Visual Studio Solution File, Format Version 12.00
# Visual Studio Version 17
VisualStudioVersion = 17.0.32014.148
MinimumVisualStudioVersion = 10.0.40219.1
Project("{FAE04EC0-301F-11D3-BF4B-00C04F79EFBC}") = "DataStructure_Queue", "DataStructure_Queue.csproj", "{CDF051AD-4F69-441A-8CEF-57B6B884C314}"
EndProject
Global
	GlobalSection(SolutionConfigurationPlatforms) = preSolution
		Debug|Any CPU = Debug|Any CPU
		Release|Any CPU = Release|Any CPU
	EndGlobalSection
	GlobalSection(ProjectConfigurationPlatforms) = postSolution
		{CDF051AD-4F69-441A-8CEF-57B6B884C314}.Debug|Any CPU.ActiveCfg = Debug|Any CPU
		{CDF051AD-4F69-441A-8CEF-57B6B884C314}.Debug|Any CPU.Build.0 = Debug|Any CPU
		{CDF051AD-4F69-441A-8CEF-57B6B884C314}.Release|Any CPU.ActiveCfg = Release|Any CPU
		{CDF051AD-4F69-441A-8CEF-57B6B884C314}.Release|Any CPU.Build.0 = Release|Any CPU
	EndGlobalSection
	GlobalSection(SolutionProperties) = preSolution
		HideSolutionNode = FALSE
	EndGlobalSection
	GlobalSection(ExtensibilityGlobals) = postSolution
		SolutionGuid = {4972B9C6-9118-418B-94ED-63E818CEBD67}
	EndGlobalSection
EndGlobal
